
Microsoft Visual Studio Solution File, Format Version 12.00
# Visual Studio 15
VisualStudioVersion = 15.0.28307.271
MinimumVisualStudioVersion = 10.0.40219.1
Project("{FAE04EC0-301F-11D3-BF4B-00C04F79EFBC}") = "Assignment6", "Assignment6\Assignment6.csproj", "{7922C0AD-6C56-4F0A-B7FD-ED0C69F84627}"
EndProject
Global
	GlobalSection(SolutionConfigurationPlatforms) = preSolution
		Debug|Any CPU = Debug|Any CPU
		Release|Any CPU = Release|Any CPU
	EndGlobalSection
	GlobalSection(ProjectConfigurationPlatforms) = postSolution
		{7922C0AD-6C56-4F0A-B7FD-ED0C69F84627}.Debug|Any CPU.ActiveCfg = Debug|Any CPU
		{7922C0AD-6C56-4F0A-B7FD-ED0C69F84627}.Debug|Any CPU.Build.0 = Debug|Any CPU
		{7922C0AD-6C56-4F0A-B7FD-ED0C69F84627}.Release|Any CPU.ActiveCfg = Release|Any CPU
		{7922C0AD-6C56-4F0A-B7FD-ED0C69F84627}.Release|Any CPU.Build.0 = Release|Any CPU
	EndGlobalSection
	GlobalSection(SolutionProperties) = preSolution
		HideSolutionNode = FALSE
	EndGlobalSection
	GlobalSection(ExtensibilityGlobals) = postSolution
		SolutionGuid = {8480D080-8C42-4832-A0D4-6953FDF43812}
	EndGlobalSection
EndGlobal
